// !$*UTF8*$!
{
	archiveVersion = 1;
	classes = {
	};
	objectVersion = 60;
	objects = {

/* Begin PBXBuildFile section */
		5A0000000000000000000011 /* GlanceApp.swift in Sources */ = {isa = PBXBuildFile; fileRef = 5A0000000000000000000021 /* GlanceApp.swift */; };
		5A00000000000000000000C4 /* UpdateChecker.swift in Sources */ = {isa = PBXBuildFile; fileRef = 5A00000000000000000000C3 /* UpdateChecker.swift */; };
		5A00000000000000000000D1 /* SessionMarks.swift in Sources */ = {isa = PBXBuildFile; fileRef = 5A00000000000000000000D0 /* SessionMarks.swift */; };
		5A0000000000000000000012 /* PermissionMonitor.swift in Sources */ = {isa = PBXBuildFile; fileRef = 5A0000000000000000000023 /* PermissionMonitor.swift */; };
		5A0000000000000000000013 /* PermissionGuideView.swift in Sources */ = {isa = PBXBuildFile; fileRef = 5A0000000000000000000024 /* PermissionGuideView.swift */; };
		5A0000000000000000000014 /* CursorScreenAnchor.swift in Sources */ = {isa = PBXBuildFile; fileRef = 5A0000000000000000000025 /* CursorScreenAnchor.swift */; };
		5A0000000000000000000015 /* HotkeyTap.swift in Sources */ = {isa = PBXBuildFile; fileRef = 5A0000000000000000000026 /* HotkeyTap.swift */; };
		5A0000000000000000000016 /* WindowEnumerator.swift in Sources */ = {isa = PBXBuildFile; fileRef = 5A0000000000000000000027 /* WindowEnumerator.swift */; };
		5A0000000000000000000017 /* MruEvidence.swift in Sources */ = {isa = PBXBuildFile; fileRef = 5A0000000000000000000028 /* MruEvidence.swift */; };
		5A0000000000000000000019 /* Snapshotter.swift in Sources */ = {isa = PBXBuildFile; fileRef = 5A0000000000000000000030 /* Snapshotter.swift */; };
		5A0000000000000000000020 /* PanelController.swift in Sources */ = {isa = PBXBuildFile; fileRef = 5A0000000000000000000039 /* PanelController.swift */; };
		5A0000000000000000000044 /* PanelView.swift in Sources */ = {isa = PBXBuildFile; fileRef = 5A0000000000000000000040 /* PanelView.swift */; };
		5A0000000000000000000045 /* WindowFocuser.swift in Sources */ = {isa = PBXBuildFile; fileRef = 5A0000000000000000000046 /* WindowFocuser.swift */; };
		5A0000000000000000000048 /* CmdClickFix.swift in Sources */ = {isa = PBXBuildFile; fileRef = 5A0000000000000000000049 /* CmdClickFix.swift */; };
		5A0000000000000000000073 /* SettingsStore.swift in Sources */ = {isa = PBXBuildFile; fileRef = 5A0000000000000000000071 /* SettingsStore.swift */; };
		5A0000000000000000000074 /* SettingsView.swift in Sources */ = {isa = PBXBuildFile; fileRef = 5A0000000000000000000072 /* SettingsView.swift */; };
		5A0000000000000000000081 /* PreviewPanelView.swift in Sources */ = {isa = PBXBuildFile; fileRef = 5A0000000000000000000080 /* PreviewPanelView.swift */; };
		5A0000000000000000000091 /* SettingsTheme.swift in Sources */ = {isa = PBXBuildFile; fileRef = 5A0000000000000000000090 /* SettingsTheme.swift */; };
		5A0000000000000000000093 /* SettingsControls.swift in Sources */ = {isa = PBXBuildFile; fileRef = 5A0000000000000000000092 /* SettingsControls.swift */; };
		5A0000000000000000000095 /* NativeHotkeyGuards.swift in Sources */ = {isa = PBXBuildFile; fileRef = 5A0000000000000000000094 /* NativeHotkeyGuards.swift */; };
		5A0000000000000000000097 /* Stdout.swift in Sources */ = {isa = PBXBuildFile; fileRef = 5A0000000000000000000096 /* Stdout.swift */; };
		5A00000000000000000000A7 /* PanelTokens.swift in Sources */ = {isa = PBXBuildFile; fileRef = 5A00000000000000000000A3 /* PanelTokens.swift */; };
		5A00000000000000000000A8 /* PanelMotion.swift in Sources */ = {isa = PBXBuildFile; fileRef = 5A00000000000000000000A4 /* PanelMotion.swift */; };
		5A00000000000000000000A9 /* PanelGlass.swift in Sources */ = {isa = PBXBuildFile; fileRef = 5A00000000000000000000A5 /* PanelGlass.swift */; };
		5A00000000000000000000AA /* AppIconProvider.swift in Sources */ = {isa = PBXBuildFile; fileRef = 5A00000000000000000000A6 /* AppIconProvider.swift */; };
		5A00000000000000000000B2 /* GlanceCore in Frameworks */ = {isa = PBXBuildFile; productRef = 5A00000000000000000000B1 /* GlanceCore */; };
		5A00000000000000000000C2 /* Sparkle in Frameworks */ = {isa = PBXBuildFile; productRef = 5A00000000000000000000C1 /* Sparkle */; };
		AA0000000000000000000F01 /* FrameProbe.swift in Sources */ = {isa = PBXBuildFile; fileRef = AA0000000000000000000F02 /* FrameProbe.swift */; };
		AA0000000000000000000F03 /* SingleInstanceGuard.swift in Sources */ = {isa = PBXBuildFile; fileRef = AA0000000000000000000F04 /* SingleInstanceGuard.swift */; };
		AA0000000000000000000F05 /* ThumbnailRefresher.swift in Sources */ = {isa = PBXBuildFile; fileRef = AA0000000000000000000F06 /* ThumbnailRefresher.swift */; };
		AA0000000000000000000F07 /* AXWindowList.swift in Sources */ = {isa = PBXBuildFile; fileRef = AA0000000000000000000F08 /* AXWindowList.swift */; };
		AA0000000000000000000F0A /* AppearancePreference.swift in Sources */ = {isa = PBXBuildFile; fileRef = AA0000000000000000000F0B /* AppearancePreference.swift */; };
		AA0000000000000000000F0C /* Assets.xcassets in Resources */ = {isa = PBXBuildFile; fileRef = AA0000000000000000000F0D /* Assets.xcassets */; };
		AA0000000000000000000F10 /* CaptureSessionProbe.swift in Sources */ = {isa = PBXBuildFile; fileRef = AA0000000000000000000F11 /* CaptureSessionProbe.swift */; };
/* End PBXBuildFile section */

/* Begin PBXFileReference section */
		5A0000000000000000000021 /* GlanceApp.swift */ = {isa = PBXFileReference; lastKnownFileType = sourcecode.swift; path = GlanceApp.swift; sourceTree = "<group>"; };
		5A00000000000000000000C3 /* UpdateChecker.swift */ = {isa = PBXFileReference; lastKnownFileType = sourcecode.swift; path = UpdateChecker.swift; sourceTree = "<group>"; };
		5A00000000000000000000D0 /* SessionMarks.swift */ = {isa = PBXFileReference; lastKnownFileType = sourcecode.swift; path = SessionMarks.swift; sourceTree = "<group>"; };
		5A0000000000000000000022 /* Glance.app */ = {isa = PBXFileReference; explicitFileType = wrapper.application; includeInIndex = 0; path = Glance.app; sourceTree = BUILT_PRODUCTS_DIR; };
		5A0000000000000000000023 /* PermissionMonitor.swift */ = {isa = PBXFileReference; lastKnownFileType = sourcecode.swift; path = PermissionMonitor.swift; sourceTree = "<group>"; };
		5A0000000000000000000024 /* PermissionGuideView.swift */ = {isa = PBXFileReference; lastKnownFileType = sourcecode.swift; path = PermissionGuideView.swift; sourceTree = "<group>"; };
		5A0000000000000000000025 /* CursorScreenAnchor.swift */ = {isa = PBXFileReference; lastKnownFileType = sourcecode.swift; path = CursorScreenAnchor.swift; sourceTree = "<group>"; };
		5A0000000000000000000026 /* HotkeyTap.swift */ = {isa = PBXFileReference; lastKnownFileType = sourcecode.swift; path = HotkeyTap.swift; sourceTree = "<group>"; };
		5A0000000000000000000027 /* WindowEnumerator.swift */ = {isa = PBXFileReference; lastKnownFileType = sourcecode.swift; path = WindowEnumerator.swift; sourceTree = "<group>"; };
		5A0000000000000000000028 /* MruEvidence.swift */ = {isa = PBXFileReference; lastKnownFileType = sourcecode.swift; path = MruEvidence.swift; sourceTree = "<group>"; };
		5A0000000000000000000030 /* Snapshotter.swift */ = {isa = PBXFileReference; lastKnownFileType = sourcecode.swift; path = Snapshotter.swift; sourceTree = "<group>"; };
		5A0000000000000000000039 /* PanelController.swift */ = {isa = PBXFileReference; lastKnownFileType = sourcecode.swift; path = PanelController.swift; sourceTree = "<group>"; };
		5A0000000000000000000040 /* PanelView.swift */ = {isa = PBXFileReference; lastKnownFileType = sourcecode.swift; path = PanelView.swift; sourceTree = "<group>"; };
		5A0000000000000000000046 /* WindowFocuser.swift */ = {isa = PBXFileReference; lastKnownFileType = sourcecode.swift; path = WindowFocuser.swift; sourceTree = "<group>"; };
		5A0000000000000000000049 /* CmdClickFix.swift */ = {isa = PBXFileReference; lastKnownFileType = sourcecode.swift; path = CmdClickFix.swift; sourceTree = "<group>"; };
		5A0000000000000000000071 /* SettingsStore.swift */ = {isa = PBXFileReference; lastKnownFileType = sourcecode.swift; path = SettingsStore.swift; sourceTree = "<group>"; };
		5A0000000000000000000072 /* SettingsView.swift */ = {isa = PBXFileReference; lastKnownFileType = sourcecode.swift; path = SettingsView.swift; sourceTree = "<group>"; };
		5A0000000000000000000080 /* PreviewPanelView.swift */ = {isa = PBXFileReference; lastKnownFileType = sourcecode.swift; path = PreviewPanelView.swift; sourceTree = "<group>"; };
		5A0000000000000000000090 /* SettingsTheme.swift */ = {isa = PBXFileReference; lastKnownFileType = sourcecode.swift; path = SettingsTheme.swift; sourceTree = "<group>"; };
		5A0000000000000000000092 /* SettingsControls.swift */ = {isa = PBXFileReference; lastKnownFileType = sourcecode.swift; path = SettingsControls.swift; sourceTree = "<group>"; };
		5A0000000000000000000094 /* NativeHotkeyGuards.swift */ = {isa = PBXFileReference; lastKnownFileType = sourcecode.swift; path = NativeHotkeyGuards.swift; sourceTree = "<group>"; };
		5A0000000000000000000096 /* Stdout.swift */ = {isa = PBXFileReference; lastKnownFileType = sourcecode.swift; path = Stdout.swift; sourceTree = "<group>"; };
		5A00000000000000000000A3 /* PanelTokens.swift */ = {isa = PBXFileReference; lastKnownFileType = sourcecode.swift; path = PanelTokens.swift; sourceTree = "<group>"; };
		5A00000000000000000000A4 /* PanelMotion.swift */ = {isa = PBXFileReference; lastKnownFileType = sourcecode.swift; path = PanelMotion.swift; sourceTree = "<group>"; };
		5A00000000000000000000A5 /* PanelGlass.swift */ = {isa = PBXFileReference; lastKnownFileType = sourcecode.swift; path = PanelGlass.swift; sourceTree = "<group>"; };
		5A00000000000000000000A6 /* AppIconProvider.swift */ = {isa = PBXFileReference; lastKnownFileType = sourcecode.swift; path = AppIconProvider.swift; sourceTree = "<group>"; };
		AA0000000000000000000F02 /* FrameProbe.swift */ = {isa = PBXFileReference; lastKnownFileType = sourcecode.swift; path = FrameProbe.swift; sourceTree = "<group>"; };
		AA0000000000000000000F04 /* SingleInstanceGuard.swift */ = {isa = PBXFileReference; lastKnownFileType = sourcecode.swift; path = SingleInstanceGuard.swift; sourceTree = "<group>"; };
		AA0000000000000000000F06 /* ThumbnailRefresher.swift */ = {isa = PBXFileReference; lastKnownFileType = sourcecode.swift; path = ThumbnailRefresher.swift; sourceTree = "<group>"; };
		AA0000000000000000000F08 /* AXWindowList.swift */ = {isa = PBXFileReference; lastKnownFileType = sourcecode.swift; path = AXWindowList.swift; sourceTree = "<group>"; };
		AA0000000000000000000F0B /* AppearancePreference.swift */ = {isa = PBXFileReference; lastKnownFileType = sourcecode.swift; path = AppearancePreference.swift; sourceTree = "<group>"; };
		AA0000000000000000000F0D /* Assets.xcassets */ = {isa = PBXFileReference; lastKnownFileType = folder.assetcatalog; path = Assets.xcassets; sourceTree = "<group>"; };
		AA0000000000000000000F11 /* CaptureSessionProbe.swift */ = {isa = PBXFileReference; lastKnownFileType = sourcecode.swift; path = CaptureSessionProbe.swift; sourceTree = "<group>"; };
/* End PBXFileReference section */

/* Begin PBXFrameworksBuildPhase section */
		5A0000000000000000000042 /* Frameworks */ = {
			isa = PBXFrameworksBuildPhase;
			buildActionMask = 2147483647;
			files = (
				5A00000000000000000000B2 /* GlanceCore in Frameworks */,
				5A00000000000000000000C2 /* Sparkle in Frameworks */,
			);
			runOnlyForDeploymentPostprocessing = 0;
		};
/* End PBXFrameworksBuildPhase section */

/* Begin PBXGroup section */
		5A0000000000000000000031 = {
			isa = PBXGroup;
			children = (
				5A0000000000000000000032 /* Sources/Glance */,
				5A0000000000000000000033 /* Products */,
			);
			sourceTree = "<group>";
		};
		5A0000000000000000000032 /* Sources/Glance */ = {
			isa = PBXGroup;
			children = (
				5A00000000000000000000A0 /* App */,
				5A00000000000000000000A1 /* Design */,
				5A00000000000000000000A2 /* Diagnostics */,
				5A0000000000000000000034 /* Permissions */,
				5A0000000000000000000036 /* Trigger */,
				5A0000000000000000000037 /* Inventory */,
				5A0000000000000000000038 /* Panel */,
				5A0000000000000000000047 /* Focus */,
				5A0000000000000000000070 /* Settings */,
				AA0000000000000000000F0D /* Assets.xcassets */,
			);
			path = "Sources/Glance";
			sourceTree = "<group>";
		};
		5A0000000000000000000033 /* Products */ = {
			isa = PBXGroup;
			children = (
				5A0000000000000000000022 /* Glance.app */,
			);
			name = Products;
			sourceTree = "<group>";
		};
		5A0000000000000000000034 /* Permissions */ = {
			isa = PBXGroup;
			children = (
				5A0000000000000000000023 /* PermissionMonitor.swift */,
				5A0000000000000000000024 /* PermissionGuideView.swift */,
			);
			path = Permissions;
			sourceTree = "<group>";
		};
		5A0000000000000000000036 /* Trigger */ = {
			isa = PBXGroup;
			children = (
				5A0000000000000000000026 /* HotkeyTap.swift */,
				5A0000000000000000000094 /* NativeHotkeyGuards.swift */,
				AA0000000000000000000F11 /* CaptureSessionProbe.swift */,
			);
			path = Trigger;
			sourceTree = "<group>";
		};
		5A0000000000000000000037 /* Inventory */ = {
			isa = PBXGroup;
			children = (
				5A0000000000000000000027 /* WindowEnumerator.swift */,
				AA0000000000000000000F08 /* AXWindowList.swift */,
				AA0000000000000000000F06 /* ThumbnailRefresher.swift */,
				5A0000000000000000000028 /* MruEvidence.swift */,
				5A0000000000000000000030 /* Snapshotter.swift */,
			);
			path = Inventory;
			sourceTree = "<group>";
		};
		5A0000000000000000000038 /* Panel */ = {
			isa = PBXGroup;
			children = (
				5A0000000000000000000025 /* CursorScreenAnchor.swift */,
				5A0000000000000000000039 /* PanelController.swift */,
				5A0000000000000000000040 /* PanelView.swift */,
				5A0000000000000000000080 /* PreviewPanelView.swift */,
			);
			path = Panel;
			sourceTree = "<group>";
		};
		5A0000000000000000000047 /* Focus */ = {
			isa = PBXGroup;
			children = (
				5A0000000000000000000046 /* WindowFocuser.swift */,
				5A0000000000000000000049 /* CmdClickFix.swift */,
			);
			path = Focus;
			sourceTree = "<group>";
		};
		5A0000000000000000000070 /* Settings */ = {
			isa = PBXGroup;
			children = (
				5A0000000000000000000071 /* SettingsStore.swift */,
				5A0000000000000000000072 /* SettingsView.swift */,
				5A0000000000000000000090 /* SettingsTheme.swift */,
				5A0000000000000000000092 /* SettingsControls.swift */,
			);
			path = Settings;
			sourceTree = "<group>";
		};
		5A00000000000000000000A0 /* App */ = {
			isa = PBXGroup;
			children = (
				5A0000000000000000000021 /* GlanceApp.swift */,
				5A00000000000000000000C3 /* UpdateChecker.swift */,
				AA0000000000000000000F04 /* SingleInstanceGuard.swift */,
			);
			path = App;
			sourceTree = "<group>";
		};
		5A00000000000000000000A1 /* Design */ = {
			isa = PBXGroup;
			children = (
				5A00000000000000000000A3 /* PanelTokens.swift */,
				AA0000000000000000000F0B /* AppearancePreference.swift */,
				5A00000000000000000000A4 /* PanelMotion.swift */,
				5A00000000000000000000A5 /* PanelGlass.swift */,
				5A00000000000000000000A6 /* AppIconProvider.swift */,
			);
			path = Design;
			sourceTree = "<group>";
		};
		5A00000000000000000000A2 /* Diagnostics */ = {
			isa = PBXGroup;
			children = (
				5A0000000000000000000096 /* Stdout.swift */,
				5A00000000000000000000D0 /* SessionMarks.swift */,
				AA0000000000000000000F02 /* FrameProbe.swift */,
			);
			path = Diagnostics;
			sourceTree = "<group>";
		};
/* End PBXGroup section */

/* Begin PBXNativeTarget section */
		5A0000000000000000000002 /* Glance */ = {
			isa = PBXNativeTarget;
			buildConfigurationList = 5A0000000000000000000062 /* Build configuration list for PBXNativeTarget "Glance" */;
			buildPhases = (
				5A0000000000000000000041 /* Sources */,
				5A0000000000000000000042 /* Frameworks */,
				5A0000000000000000000043 /* Resources */,
			);
			buildRules = (
			);
			dependencies = (
			);
			name = Glance;
			packageProductDependencies = (
				5A00000000000000000000B1 /* GlanceCore */,
				5A00000000000000000000C1 /* Sparkle */,
			);
			productName = Glance;
			productReference = 5A0000000000000000000022 /* Glance.app */;
			productType = "com.apple.product-type.application";
		};
/* End PBXNativeTarget section */

/* Begin PBXProject section */
		5A0000000000000000000001 /* Project object */ = {
			isa = PBXProject;
			attributes = {
				BuildIndependentTargetsInParallel = 1;
				LastSwiftUpdateCheck = 2600;
				LastUpgradeCheck = 2600;
				TargetAttributes = {
					5A0000000000000000000002 = {
						CreatedOnToolsVersion = 26.0;
					};
				};
			};
			buildConfigurationList = 5A0000000000000000000061 /* Build configuration list for PBXProject "Glance" */;
			compatibilityVersion = "Xcode 14.0";
			developmentRegion = en;
			hasScannedForEncodings = 0;
			knownRegions = (
				en,
				Base,
			);
			mainGroup = 5A0000000000000000000031;
			packageReferences = (
				5A00000000000000000000B0 /* XCLocalSwiftPackageReference "Packages/GlanceCore" */,
				5A00000000000000000000C0 /* XCRemoteSwiftPackageReference "Sparkle" */,
			);
			productRefGroup = 5A0000000000000000000033 /* Products */;
			projectDirPath = "";
			projectRoot = "";
			targets = (
				5A0000000000000000000002 /* Glance */,
			);
		};
/* End PBXProject section */

/* Begin PBXResourcesBuildPhase section */
		5A0000000000000000000043 /* Resources */ = {
			isa = PBXResourcesBuildPhase;
			buildActionMask = 2147483647;
			files = (
				AA0000000000000000000F0C /* Assets.xcassets in Resources */,
			);
			runOnlyForDeploymentPostprocessing = 0;
		};
/* End PBXResourcesBuildPhase section */

/* Begin PBXSourcesBuildPhase section */
		5A0000000000000000000041 /* Sources */ = {
			isa = PBXSourcesBuildPhase;
			buildActionMask = 2147483647;
			files = (
				5A0000000000000000000011 /* GlanceApp.swift in Sources */,
				5A00000000000000000000C4 /* UpdateChecker.swift in Sources */,
				5A00000000000000000000D1 /* SessionMarks.swift in Sources */,
				AA0000000000000000000F03 /* SingleInstanceGuard.swift in Sources */,
				AA0000000000000000000F0A /* AppearancePreference.swift in Sources */,
				5A0000000000000000000012 /* PermissionMonitor.swift in Sources */,
				5A0000000000000000000013 /* PermissionGuideView.swift in Sources */,
				5A0000000000000000000014 /* CursorScreenAnchor.swift in Sources */,
				5A0000000000000000000015 /* HotkeyTap.swift in Sources */,
				5A0000000000000000000016 /* WindowEnumerator.swift in Sources */,
				AA0000000000000000000F07 /* AXWindowList.swift in Sources */,
				AA0000000000000000000F05 /* ThumbnailRefresher.swift in Sources */,
				5A0000000000000000000017 /* MruEvidence.swift in Sources */,
				5A0000000000000000000019 /* Snapshotter.swift in Sources */,
				5A0000000000000000000020 /* PanelController.swift in Sources */,
				5A0000000000000000000044 /* PanelView.swift in Sources */,
				5A0000000000000000000045 /* WindowFocuser.swift in Sources */,
				5A0000000000000000000048 /* CmdClickFix.swift in Sources */,
				5A0000000000000000000073 /* SettingsStore.swift in Sources */,
				5A0000000000000000000074 /* SettingsView.swift in Sources */,
				5A0000000000000000000081 /* PreviewPanelView.swift in Sources */,
				5A0000000000000000000091 /* SettingsTheme.swift in Sources */,
				5A0000000000000000000093 /* SettingsControls.swift in Sources */,
				5A0000000000000000000095 /* NativeHotkeyGuards.swift in Sources */,
				AA0000000000000000000F10 /* CaptureSessionProbe.swift in Sources */,
				5A0000000000000000000097 /* Stdout.swift in Sources */,
				AA0000000000000000000F01 /* FrameProbe.swift in Sources */,
				5A00000000000000000000A7 /* PanelTokens.swift in Sources */,
				5A00000000000000000000A8 /* PanelMotion.swift in Sources */,
				5A00000000000000000000A9 /* PanelGlass.swift in Sources */,
				5A00000000000000000000AA /* AppIconProvider.swift in Sources */,
			);
			runOnlyForDeploymentPostprocessing = 0;
		};
/* End PBXSourcesBuildPhase section */

/* Begin XCBuildConfiguration section */
		5A0000000000000000000051 /* Debug */ = {
			isa = XCBuildConfiguration;
			buildSettings = {
				ALWAYS_SEARCH_USER_PATHS = NO;
				CLANG_ANALYZER_NONNULL = YES;
				CLANG_ANALYZER_NUMBER_OBJECT_CONVERSION = YES_AGGRESSIVE;
				CLANG_CXX_LANGUAGE_STANDARD = "gnu++20";
				CLANG_ENABLE_MODULES = YES;
				CLANG_ENABLE_OBJC_ARC = YES;
				CLANG_ENABLE_OBJC_WEAK = YES;
				CLANG_WARN_BLOCK_CAPTURE_AUTORELEASING = YES;
				CLANG_WARN_BOOL_CONVERSION = YES;
				CLANG_WARN_COMMA = YES;
				CLANG_WARN_CONSTANT_CONVERSION = YES;
				CLANG_WARN_DEPRECATED_OBJC_IMPLEMENTATIONS = YES;
				CLANG_WARN_DIRECT_OBJC_ISA_USAGE = YES_ERROR;
				CLANG_WARN_DOCUMENTATION_COMMENTS = YES;
				CLANG_WARN_EMPTY_BODY = YES;
				CLANG_WARN_ENUM_CONVERSION = YES;
				CLANG_WARN_INFINITE_RECURSION = YES;
				CLANG_WARN_INT_CONVERSION = YES;
				CLANG_WARN_NON_LITERAL_NULL_CONVERSION = YES;
				CLANG_WARN_OBJC_IMPLICIT_RETAIN_SELF = YES;
				CLANG_WARN_OBJC_LITERAL_CONVERSION = YES;
				CLANG_WARN_OBJC_ROOT_CLASS = YES_ERROR;
				CLANG_WARN_QUOTED_INCLUDE_IN_FRAMEWORK_HEADER = YES;
				CLANG_WARN_RANGE_LOOP_ANALYSIS = YES;
				CLANG_WARN_STRICT_PROTOTYPES = YES;
				CLANG_WARN_SUSPICIOUS_MOVE = YES;
				CLANG_WARN_UNGUARDED_AVAILABILITY = YES_AGGRESSIVE;
				CLANG_WARN_UNREACHABLE_CODE = YES;
				CLANG_WARN__DUPLICATE_METHOD_MATCH = YES;
				COPY_PHASE_STRIP = NO;
				DEBUG_INFORMATION_FORMAT = dwarf;
				ENABLE_STRICT_OBJC_MSGSEND = YES;
				ENABLE_TESTABILITY = YES;
				ENABLE_USER_SCRIPT_SANDBOXING = NO;
				GCC_C_LANGUAGE_STANDARD = gnu17;
				GCC_DYNAMIC_NO_PIC = NO;
				GCC_NO_COMMON_BLOCKS = YES;
				GCC_OPTIMIZATION_LEVEL = 0;
				GCC_PREPROCESSOR_DEFINITIONS = (
					"DEBUG=1",
					"$(inherited)",
				);
				GCC_WARN_64_TO_32_BIT_CONVERSION = YES;
				GCC_WARN_ABOUT_RETURN_TYPE = YES_ERROR;
				GCC_WARN_UNDECLARED_SELECTOR = YES;
				GCC_WARN_UNINITIALIZED_AUTOS = YES_AGGRESSIVE;
				GCC_WARN_UNUSED_FUNCTION = YES;
				GCC_WARN_UNUSED_VARIABLE = YES;
				MACOSX_DEPLOYMENT_TARGET = 14.0;
				MTL_ENABLE_DEBUG_INFO = INCLUDE_SOURCE;
				MTL_FAST_MATH = YES;
				ONLY_ACTIVE_ARCH = YES;
				SDKROOT = macosx;
				SWIFT_ACTIVE_COMPILATION_CONDITIONS = "DEBUG $(inherited)";
				SWIFT_OPTIMIZATION_LEVEL = "-Onone";
			};
			name = Debug;
		};
		5A0000000000000000000052 /* Release */ = {
			isa = XCBuildConfiguration;
			buildSettings = {
				ALWAYS_SEARCH_USER_PATHS = NO;
				CLANG_ANALYZER_NONNULL = YES;
				CLANG_ANALYZER_NUMBER_OBJECT_CONVERSION = YES_AGGRESSIVE;
				CLANG_CXX_LANGUAGE_STANDARD = "gnu++20";
				CLANG_ENABLE_MODULES = YES;
				CLANG_ENABLE_OBJC_ARC = YES;
				CLANG_ENABLE_OBJC_WEAK = YES;
				CLANG_WARN_BLOCK_CAPTURE_AUTORELEASING = YES;
				CLANG_WARN_BOOL_CONVERSION = YES;
				CLANG_WARN_COMMA = YES;
				CLANG_WARN_CONSTANT_CONVERSION = YES;
				CLANG_WARN_DEPRECATED_OBJC_IMPLEMENTATIONS = YES;
				CLANG_WARN_DIRECT_OBJC_ISA_USAGE = YES_ERROR;
				CLANG_WARN_DOCUMENTATION_COMMENTS = YES;
				CLANG_WARN_EMPTY_BODY = YES;
				CLANG_WARN_ENUM_CONVERSION = YES;
				CLANG_WARN_INFINITE_RECURSION = YES;
				CLANG_WARN_INT_CONVERSION = YES;
				CLANG_WARN_NON_LITERAL_NULL_CONVERSION = YES;
				CLANG_WARN_OBJC_IMPLICIT_RETAIN_SELF = YES;
				CLANG_WARN_OBJC_LITERAL_CONVERSION = YES;
				CLANG_WARN_OBJC_ROOT_CLASS = YES_ERROR;
				CLANG_WARN_QUOTED_INCLUDE_IN_FRAMEWORK_HEADER = YES;
				CLANG_WARN_RANGE_LOOP_ANALYSIS = YES;
				CLANG_WARN_STRICT_PROTOTYPES = YES;
				CLANG_WARN_SUSPICIOUS_MOVE = YES;
				CLANG_WARN_UNGUARDED_AVAILABILITY = YES_AGGRESSIVE;
				CLANG_WARN_UNREACHABLE_CODE = YES;
				CLANG_WARN__DUPLICATE_METHOD_MATCH = YES;
				COPY_PHASE_STRIP = NO;
				DEBUG_INFORMATION_FORMAT = "dwarf-with-dsym";
				ENABLE_NS_ASSERTIONS = NO;
				ENABLE_STRICT_OBJC_MSGSEND = YES;
				ENABLE_USER_SCRIPT_SANDBOXING = NO;
				GCC_C_LANGUAGE_STANDARD = gnu17;
				GCC_NO_COMMON_BLOCKS = YES;
				GCC_WARN_64_TO_32_BIT_CONVERSION = YES;
				GCC_WARN_ABOUT_RETURN_TYPE = YES_ERROR;
				GCC_WARN_UNDECLARED_SELECTOR = YES;
				GCC_WARN_UNINITIALIZED_AUTOS = YES_AGGRESSIVE;
				GCC_WARN_UNUSED_FUNCTION = YES;
				GCC_WARN_UNUSED_VARIABLE = YES;
				MACOSX_DEPLOYMENT_TARGET = 14.0;
				MTL_ENABLE_DEBUG_INFO = NO;
				MTL_FAST_MATH = YES;
				SDKROOT = macosx;
				SWIFT_COMPILATION_MODE = wholemodule;
			};
			name = Release;
		};
		5A0000000000000000000053 /* Debug */ = {
			isa = XCBuildConfiguration;
			buildSettings = {
				ASSETCATALOG_COMPILER_APPICON_NAME = AppIcon;
				"CODE_SIGN_IDENTITY[sdk=macosx*]" = "Apple Development";
				CODE_SIGN_STYLE = Automatic;
				COMBINE_HIDPI_IMAGES = YES;
				CURRENT_PROJECT_VERSION = 202609152006;
				DEVELOPMENT_TEAM = 5WV78K89UP;
				ENABLE_HARDENED_RUNTIME = NO;
				GENERATE_INFOPLIST_FILE = YES;
				INFOPLIST_FILE = Sources/Glance/Info.plist;
				INFOPLIST_KEY_CFBundleDisplayName = Glance;
				INFOPLIST_KEY_LSUIElement = YES;
				INFOPLIST_KEY_NSHumanReadableCopyright = "";
				MARKETING_VERSION = 0.1.1;
				PRODUCT_BUNDLE_IDENTIFIER = com.cheney12138.macswitcher;
				PRODUCT_NAME = "$(TARGET_NAME)";
				SWIFT_EMIT_LOC_STRINGS = YES;
				SWIFT_VERSION = 5.0;
			};
			name = Debug;
		};
		5A0000000000000000000054 /* Release */ = {
			isa = XCBuildConfiguration;
			buildSettings = {
				ASSETCATALOG_COMPILER_APPICON_NAME = AppIcon;
				"CODE_SIGN_IDENTITY[sdk=macosx*]" = "Apple Development";
				CODE_SIGN_STYLE = Automatic;
				COMBINE_HIDPI_IMAGES = YES;
				CURRENT_PROJECT_VERSION = 202609152006;
				DEVELOPMENT_TEAM = 5WV78K89UP;
				ENABLE_HARDENED_RUNTIME = NO;
				GENERATE_INFOPLIST_FILE = YES;
				INFOPLIST_FILE = Sources/Glance/Info.plist;
				INFOPLIST_KEY_CFBundleDisplayName = Glance;
				INFOPLIST_KEY_LSUIElement = YES;
				INFOPLIST_KEY_NSHumanReadableCopyright = "";
				MARKETING_VERSION = 0.1.1;
				PRODUCT_BUNDLE_IDENTIFIER = com.cheney12138.macswitcher;
				PRODUCT_NAME = "$(TARGET_NAME)";
				SWIFT_EMIT_LOC_STRINGS = YES;
				SWIFT_VERSION = 5.0;
			};
			name = Release;
		};
/* End XCBuildConfiguration section */

/* Begin XCConfigurationList section */
		5A0000000000000000000061 /* Build configuration list for PBXProject "Glance" */ = {
			isa = XCConfigurationList;
			buildConfigurations = (
				5A0000000000000000000051 /* Debug */,
				5A0000000000000000000052 /* Release */,
			);
			defaultConfigurationIsVisible = 0;
			defaultConfigurationName = Release;
		};
		5A0000000000000000000062 /* Build configuration list for PBXNativeTarget "Glance" */ = {
			isa = XCConfigurationList;
			buildConfigurations = (
				5A0000000000000000000053 /* Debug */,
				5A0000000000000000000054 /* Release */,
			);
			defaultConfigurationIsVisible = 0;
			defaultConfigurationName = Release;
		};
/* End XCConfigurationList section */

/* Begin XCLocalSwiftPackageReference section */
		5A00000000000000000000B0 /* XCLocalSwiftPackageReference "Packages/GlanceCore" */ = {
			isa = XCLocalSwiftPackageReference;
			relativePath = Packages/GlanceCore;
		};
/* End XCLocalSwiftPackageReference section */

/* Begin XCRemoteSwiftPackageReference section */
		5A00000000000000000000C0 /* XCRemoteSwiftPackageReference "Sparkle" */ = {
			isa = XCRemoteSwiftPackageReference;
			repositoryURL = "https://github.com/sparkle-project/Sparkle";
			requirement = {
				kind = upToNextMajorVersion;
				minimumVersion = 2.10.0;
			};
		};
/* End XCRemoteSwiftPackageReference section */

/* Begin XCSwiftPackageProductDependency section */
		5A00000000000000000000B1 /* GlanceCore */ = {
			isa = XCSwiftPackageProductDependency;
			productName = GlanceCore;
		};
		5A00000000000000000000C1 /* Sparkle */ = {
			isa = XCSwiftPackageProductDependency;
			package = 5A00000000000000000000C0 /* XCRemoteSwiftPackageReference "Sparkle" */;
			productName = Sparkle;
		};
/* End XCSwiftPackageProductDependency section */
	};
	rootObject = 5A0000000000000000000001 /* Project object */;
}
